# This file is automatically @generated by Poetry 1.8.4 and should not be changed by hand.

[[package]]
name = "argparse"
version = "1.4.0"
description = "Python command-line parsing library"
optional = false
python-versions = "*"
files = [
    {file = "argparse-1.4.0-py2.py3-none-any.whl", hash = "sha256:c31647edb69fd3d465a847ea3157d37bed1f95f19760b11a47aa91c04b666314"},
    {file = "argparse-1.4.0.tar.gz", hash = "sha256:62b089a55be1d8949cd2bc7e0df0bddb9e028faefc8c32038cc84862aefdd6e4"},
]

[[package]]
name = "markdown-it-py"
version = "3.0.0"
description = "Python port of markdown-it. Markdown parsing, done right!"
optional = false
python-versions = ">=3.8"
files = [
    {file = "markdown-it-py-3.0.0.tar.gz", hash = "sha256:e3f60a94fa066dc52ec76661e37c851cb232d92f9886b15cb560aaada2df8feb"},
    {file = "markdown_it_py-3.0.0-py3-none-any.whl", hash = "sha256:355216845c60bd96232cd8d8c40e8f9765cc86f46880e43a8fd22dc1a1a8cab1"},
]

[package.dependencies]
mdurl = ">=0.1,<1.0"

[package.extras]
benchmarking = ["psutil", "pytest", "pytest-benchmark"]
code-style = ["pre-commit (>=3.0,<4.0)"]
compare = ["commonmark (>=0.9,<1.0)", "markdown (>=3.4,<4.0)", "mistletoe (>=1.0,<2.0)", "mistune (>=2.0,<3.0)", "panflute (>=2.3,<3.0)"]
linkify = ["linkify-it-py (>=1,<3)"]
plugins = ["mdit-py-plugins"]
profiling = ["gprof2dot"]
rtd = ["jupyter_sphinx", "mdit-py-plugins", "myst-parser", "pyyaml", "sphinx", "sphinx-copybutton", "sphinx-design", "sphinx_book_theme"]
testing = ["coverage", "pytest", "pytest-cov", "pytest-regressions"]

[[package]]
name = "mdurl"
version = "0.1.2"
description = "Markdown URL utilities"
optional = false
python-versions = ">=3.7"
files = [
    {file = "mdurl-0.1.2-py3-none-any.whl", hash = "sha256:84008a41e51615a49fc9966191ff91509e3c40b939176e643fd50a5c2196b8f8"},
    {file = "mdurl-0.1.2.tar.gz", hash = "sha256:bb413d29f5eea38f31dd4754dd7377d4465116fb207585f97bf925588687c1ba"},
]

[[package]]
name = "prompt-toolkit"
version = "3.0.48"
description = "Library for building powerful interactive command lines in Python"
optional = false
python-versions = ">=3.7.0"
files = [
    {file = "prompt_toolkit-3.0.48-py3-none-any.whl", hash = "sha256:f49a827f90062e411f1ce1f854f2aedb3c23353244f8108b89283587397ac10e"},
    {file = "prompt_toolkit-3.0.48.tar.gz", hash = "sha256:d6623ab0477a80df74e646bdbc93621143f5caf104206aa29294d53de1a03d90"},
]

[package.dependencies]
wcwidth = "*"

[[package]]
name = "pygments"
version = "2.18.0"
description = "Pygments is a syntax highlighting package written in Python."
optional = false
python-versions = ">=3.8"
files = [
    {file = "pygments-2.18.0-py3-none-any.whl", hash = "sha256:b8e6aca0523f3ab76fee51799c488e38782ac06eafcf95e7ba832985c8e7b13a"},
    {file = "pygments-2.18.0.tar.gz", hash = "sha256:786ff802f32e91311bff3889f6e9a86e81505fe99f2735bb6d60ae0c5004f199"},
]

[package.extras]
windows-terminal = ["colorama (>=0.4.6)"]

[[package]]
name = "pymssql"
version = "2.3.2"
description = "DB-API interface to Microsoft SQL Server for Python. (new Cython-based version)"
optional = false
python-versions = "*"
files = [
    {file = "pymssql-2.3.2-cp310-cp310-macosx_13_0_x86_64.whl", hash = "sha256:73fac766b448613d7ae26e6b304b2cb8a7ffebccaa373633bad3b3cbcc829935"},
    {file = "pymssql-2.3.2-cp310-cp310-manylinux_2_17_aarch64.manylinux2014_aarch64.whl", hash = "sha256:eb629b5fb0376fbf39d575cf1365e504b84877b19f9e8d53caa5228fed56894a"},
    {file = "pymssql-2.3.2-cp310-cp310-manylinux_2_17_i686.manylinux2014_i686.whl", hash = "sha256:ab912d1178d5977e421cf9c4d4071958b223cbe4a2b6dd64611d521aa6bb7187"},
    {file = "pymssql-2.3.2-cp310-cp310-manylinux_2_17_x86_64.manylinux2014_x86_64.whl", hash = "sha256:06883bc9bdb297ae9132d9371b5b1a3a223c8f93dd6a87d1c112c6a688f26d53"},
    {file = "pymssql-2.3.2-cp310-cp310-manylinux_2_28_x86_64.whl", hash = "sha256:c24ba6aedb9b5540b56f3e74bff92b687c6e90c00650823385729c7e55923cf5"},
    {file = "pymssql-2.3.2-cp310-cp310-musllinux_1_1_i686.whl", hash = "sha256:26bdb7abd5f107b6be422635f03e2cecaa52a5f4c394a205014586abbff9e72a"},
    {file = "pymssql-2.3.2-cp310-cp310-musllinux_1_1_x86_64.whl", hash = "sha256:72b6599963b6e066998c4b27b7bf207684c243b12b1e5dcc180b2af22802ae6c"},
    {file = "pymssql-2.3.2-cp310-cp310-musllinux_1_2_i686.whl", hash = "sha256:23f5e2e2bdba1cf7cecbac66dd07de7631a8efca5692efee18ff46ebc087b757"},
    {file = "pymssql-2.3.2-cp310-cp310-musllinux_1_2_x86_64.whl", hash = "sha256:82ed3dd560d3fb222d26ce3a7373f46dc3ad1d50b6e6417ef7399e87fa9aefe1"},
    {file = "pymssql-2.3.2-cp310-cp310-win32.whl", hash = "sha256:cbe9058b6520be74463476ff2cdb17bbab5ff60b60b3ed7bd8bd2d086bdfd9bd"},
    {file = "pymssql-2.3.2-cp310-cp310-win_amd64.whl", hash = "sha256:fdd774b26407babd0205ef85a098f90553e6b3da77a22322a1e7d2cb51f742c0"},
    {file = "pymssql-2.3.2-cp311-cp311-macosx_13_0_universal2.whl", hash = "sha256:2a44a0898dacba4e25cac8778d0ed112e297883fe862204e447081888da78dc4"},
    {file = "pymssql-2.3.2-cp311-cp311-manylinux_2_17_aarch64.manylinux2014_aarch64.whl", hash = "sha256:f9737c06b13ca2012b9900185fa3af72a37941c532da2e6373dd7c9ab16abddf"},
    {file = "pymssql-2.3.2-cp311-cp311-manylinux_2_17_i686.manylinux2014_i686.whl", hash = "sha256:0831c5c95aab0b9aba5142dc97e28f59c4130e1c34ffc13ecbfdd4d2fe45b8a0"},
    {file = "pymssql-2.3.2-cp311-cp311-manylinux_2_17_x86_64.manylinux2014_x86_64.whl", hash = "sha256:ae02cc1594f0addd748bf5ac1ccc7a73c03846ada9c553663c381b242b586606"},
    {file = "pymssql-2.3.2-cp311-cp311-manylinux_2_28_x86_64.whl", hash = "sha256:1c99dba4bf5b1ce10657e9e2885f18ba9179190251b63d1498e7d6d72e64f1ce"},
    {file = "pymssql-2.3.2-cp311-cp311-musllinux_1_1_i686.whl", hash = "sha256:9e3d6fada7fbe7a5f5fafc420673f777bab3f399c78fa44e29de6a8cbc36e515"},
    {file = "pymssql-2.3.2-cp311-cp311-musllinux_1_1_x86_64.whl", hash = "sha256:5904d78e61668ec89761d3ae01efd4b42b31d820f612929f449e93cd23ba3c54"},
    {file = "pymssql-2.3.2-cp311-cp311-musllinux_1_2_i686.whl", hash = "sha256:9361593a89c9162fc631baf648a87e2666373382d9d54aacfb19edab9ceb2007"},
    {file = "pymssql-2.3.2-cp311-cp311-musllinux_1_2_x86_64.whl", hash = "sha256:0768d90f96ae3267d7561d3bcfe94dd671d107489e870388b12570c3debbc552"},
    {file = "pymssql-2.3.2-cp311-cp311-win32.whl", hash = "sha256:97fbd8491ad3ece0adcb321acec6db48b8fe37bc74af4c91bb657d4d9347d634"},
    {file = "pymssql-2.3.2-cp311-cp311-win_amd64.whl", hash = "sha256:79cdc3ed1da3129ba56232127db86279728c4328595e2532ed4d0da6379a5c72"},
    {file = "pymssql-2.3.2-cp312-cp312-macosx_13_0_universal2.whl", hash = "sha256:235c230e56d8c8c5f289e665c538f31d967fec302d05ad269dcd64fa9d6eb3b7"},
    {file = "pymssql-2.3.2-cp312-cp312-manylinux_2_17_aarch64.manylinux2014_aarch64.whl", hash = "sha256:1bc33ed9af6d8ebea2d49144cd2317b7ae1105dd51dddfd46982c90c8f0cf6ab"},
    {file = "pymssql-2.3.2-cp312-cp312-manylinux_2_17_i686.manylinux2014_i686.whl", hash = "sha256:793a93da1521fa66bf02b3b873065e22bf14bda5570e005ce3d5fae0776d7b92"},
    {file = "pymssql-2.3.2-cp312-cp312-manylinux_2_17_x86_64.manylinux2014_x86_64.whl", hash = "sha256:b156b15165f7a0bbb392a124d8e2d678145c93e5bfcfef3b637e4d87eadcc85b"},
    {file = "pymssql-2.3.2-cp312-cp312-manylinux_2_28_x86_64.whl", hash = "sha256:f2b1da4e68d618c7972e583ae19f386ae620258acb61564e8067c203f27cd769"},
    {file = "pymssql-2.3.2-cp312-cp312-musllinux_1_1_i686.whl", hash = "sha256:2f4093b95f1f3a1232687fc92f652aaf675eb423db8549c16d146b91ac2f0eba"},
    {file = "pymssql-2.3.2-cp312-cp312-musllinux_1_1_x86_64.whl", hash = "sha256:cc13c2e0f1b8efc3a46941de9db768fa59937b5a54081ec0cb0ff0da17d1fff3"},
    {file = "pymssql-2.3.2-cp312-cp312-musllinux_1_2_i686.whl", hash = "sha256:6019d2939963112662288704f608f31634038bffcfd5cad1bc79cb167edb3cc1"},
    {file = "pymssql-2.3.2-cp312-cp312-musllinux_1_2_x86_64.whl", hash = "sha256:41d09e1b2534229b288c37b88c1de3d964317af2c7eec58bfb97e01d679eba27"},
    {file = "pymssql-2.3.2-cp312-cp312-win32.whl", hash = "sha256:b16d5880f7028442d6c49c94801ce9bff3af8af0fbda7c6039febb936714aed5"},
    {file = "pymssql-2.3.2-cp312-cp312-win_amd64.whl", hash = "sha256:a3f9e7eb813dfeab6d01bf6474049bb76b0521235159d3e969ec82df384eac49"},
    {file = "pymssql-2.3.2-cp313-cp313-macosx_13_0_universal2.whl", hash = "sha256:f282e701dca155b3e7f1644d7e3b60c201ca5f3be8045bce34042d3c737d63ee"},
    {file = "pymssql-2.3.2-cp313-cp313-manylinux_2_17_aarch64.manylinux2014_aarch64.whl", hash = "sha256:f1791f4627c42fe2d2833c884d036b0c5c8cf628f2cdfa3536191c217acf729e"},
    {file = "pymssql-2.3.2-cp313-cp313-manylinux_2_17_i686.manylinux2014_i686.whl", hash = "sha256:3870085a49e5332bc67ecb24f217c586977d5352eb51598244fc7bc278eee3e1"},
    {file = "pymssql-2.3.2-cp313-cp313-manylinux_2_17_x86_64.manylinux2014_x86_64.whl", hash = "sha256:1afda7b7022eff9451bd83e3f64c450a1a8cdff4ba8b8e399866dcd2cb861a1e"},
    {file = "pymssql-2.3.2-cp313-cp313-manylinux_2_28_x86_64.whl", hash = "sha256:b0c2b11aca16617cacaf385fb94134e73ba0216a924f9b85778cc7e3d3713361"},
    {file = "pymssql-2.3.2-cp313-cp313-musllinux_1_1_i686.whl", hash = "sha256:2568944db3888996e161b40ad06c1b9e0fbb6cfcb38279a3abb98ece7a8e1c4a"},
    {file = "pymssql-2.3.2-cp313-cp313-musllinux_1_1_x86_64.whl", hash = "sha256:ee8ee2c7c227c413ad9b88ddba1cb6a25e28c217ae73ecac1c7a6b8c29003604"},
    {file = "pymssql-2.3.2-cp313-cp313-musllinux_1_2_i686.whl", hash = "sha256:8cd806380d362d4cef2d925a6baee6a4b2b151a92cac2cab5c4bfabed4be4849"},
    {file = "pymssql-2.3.2-cp313-cp313-musllinux_1_2_x86_64.whl", hash = "sha256:ef0d29c705db552f9e75230f946b0ca9db0db903c5c9ee79ce8b88ad25ea9670"},
    {file = "pymssql-2.3.2-cp313-cp313-win32.whl", hash = "sha256:1037053e6c74d6fe14c428cc942968b4e4bf06854706a83fe8e822e475e3f107"},
    {file = "pymssql-2.3.2-cp313-cp313-win_amd64.whl", hash = "sha256:148b7714fff5a5b7ce038e92b02dd9bf68fe442c181a3aae32148e7b13f6db95"},
    {file = "pymssql-2.3.2-cp39-cp39-macosx_13_0_x86_64.whl", hash = "sha256:bac6f355c454f94b0e15a04b7841236e5c5c4ef44d2d1beed00a3ad7b50ccc53"},
    {file = "pymssql-2.3.2-cp39-cp39-manylinux_2_17_aarch64.manylinux2014_aarch64.whl", hash = "sha256:33ad813092f8fb8f74578c5b5e37c818c4ae130fd4047cb28f0b256f2f107367"},
    {file = "pymssql-2.3.2-cp39-cp39-manylinux_2_17_i686.manylinux2014_i686.whl", hash = "sha256:08facd25a50a7279385d1ffcee9d6d83c4e361db1af38e14519a87d7b1cadb10"},
    {file = "pymssql-2.3.2-cp39-cp39-manylinux_2_17_x86_64.manylinux2014_x86_64.whl", hash = "sha256:ab48de09864fa6f49c575ef569f6773981d0cd905ff7288b5b185f8079a5a21f"},
    {file = "pymssql-2.3.2-cp39-cp39-manylinux_2_28_x86_64.whl", hash = "sha256:b3eb201c402bcf4f5b9399df0bb20d522636d2e87d1c6957a0b6d772ee636c61"},
    {file = "pymssql-2.3.2-cp39-cp39-manylinux_2_5_i686.manylinux1_i686.whl", hash = "sha256:dd5fe7552edc81628e4242b4671f7bad5ff1ec790bae5c7615d989375620edac"},
    {file = "pymssql-2.3.2-cp39-cp39-manylinux_2_5_x86_64.manylinux1_x86_64.whl", hash = "sha256:fb8a7b197aaf466a7577ca6690aa9d747081b653ab212d052d71f3cc10587c3b"},
    {file = "pymssql-2.3.2-cp39-cp39-musllinux_1_1_i686.whl", hash = "sha256:0a20a17db870fb0e446a6d6bf7664aaf84af7be58ab1fad025cafa4e092507a1"},
    {file = "pymssql-2.3.2-cp39-cp39-musllinux_1_1_x86_64.whl", hash = "sha256:1cdc2619e7b4192b8d6619fd52ba8a2eae18b38b376f8649fb8f0727c4e88ff9"},
    {file = "pymssql-2.3.2-cp39-cp39-musllinux_1_2_i686.whl", hash = "sha256:b14cc65369d1425f2fb517609113465a0f55f19a49648160f2d10be4cb43ff4d"},
    {file = "pymssql-2.3.2-cp39-cp39-musllinux_1_2_x86_64.whl", hash = "sha256:22b1ce3a48f28ee7d06ebc9ed94276d0bf1c99051ee1df3d2377b74721bd62ef"},
    {file = "pymssql-2.3.2-cp39-cp39-win32.whl", hash = "sha256:aa08b6203b2b5ed5ce47f80d5c529459181300d7e0d0c1e84390a4d01d45e509"},
    {file = "pymssql-2.3.2-cp39-cp39-win_amd64.whl", hash = "sha256:22fb0fdd3b889bc10abbe3aa2abe7a008b30a6367b9ba159412d185d7d8fda9d"},
    {file = "pymssql-2.3.2.tar.gz", hash = "sha256:18089641b687be1ebd0f64f0d1ff977478a397ffa1af372bdf10dbec29cf6d2e"},
]

[[package]]
name = "rich"
version = "13.9.4"
description = "Render rich text, tables, progress bars, syntax highlighting, markdown and more to the terminal"
optional = false
python-versions = ">=3.8.0"
files = [
    {file = "rich-13.9.4-py3-none-any.whl", hash = "sha256:6049d5e6ec054bf2779ab3358186963bac2ea89175919d699e378b99738c2a90"},
    {file = "rich-13.9.4.tar.gz", hash = "sha256:439594978a49a09530cff7ebc4b5c7103ef57baf48d5ea3184f21d9a2befa098"},
]

[package.dependencies]
markdown-it-py = ">=2.2.0"
pygments = ">=2.13.0,<3.0.0"

[package.extras]
jupyter = ["ipywidgets (>=7.5.1,<9)"]

[[package]]
name = "ruff"
version = "0.8.4"
description = "An extremely fast Python linter and code formatter, written in Rust."
optional = false
python-versions = ">=3.7"
files = [
    {file = "ruff-0.8.4-py3-none-linux_armv6l.whl", hash = "sha256:58072f0c06080276804c6a4e21a9045a706584a958e644353603d36ca1eb8a60"},
    {file = "ruff-0.8.4-py3-none-macosx_10_12_x86_64.whl", hash = "sha256:ffb60904651c00a1e0b8df594591770018a0f04587f7deeb3838344fe3adabac"},
    {file = "ruff-0.8.4-py3-none-macosx_11_0_arm64.whl", hash = "sha256:6ddf5d654ac0d44389f6bf05cee4caeefc3132a64b58ea46738111d687352296"},
    {file = "ruff-0.8.4-py3-none-manylinux_2_17_aarch64.manylinux2014_aarch64.whl", hash = "sha256:e248b1f0fa2749edd3350a2a342b67b43a2627434c059a063418e3d375cfe643"},
    {file = "ruff-0.8.4-py3-none-manylinux_2_17_armv7l.manylinux2014_armv7l.whl", hash = "sha256:bf197b98ed86e417412ee3b6c893f44c8864f816451441483253d5ff22c0e81e"},
    {file = "ruff-0.8.4-py3-none-manylinux_2_17_i686.manylinux2014_i686.whl", hash = "sha256:c41319b85faa3aadd4d30cb1cffdd9ac6b89704ff79f7664b853785b48eccdf3"},
    {file = "ruff-0.8.4-py3-none-manylinux_2_17_ppc64.manylinux2014_ppc64.whl", hash = "sha256:9f8402b7c4f96463f135e936d9ab77b65711fcd5d72e5d67597b543bbb43cf3f"},
    {file = "ruff-0.8.4-py3-none-manylinux_2_17_ppc64le.manylinux2014_ppc64le.whl", hash = "sha256:e4e56b3baa9c23d324ead112a4fdf20db9a3f8f29eeabff1355114dd96014604"},
    {file = "ruff-0.8.4-py3-none-manylinux_2_17_s390x.manylinux2014_s390x.whl", hash = "sha256:736272574e97157f7edbbb43b1d046125fce9e7d8d583d5d65d0c9bf2c15addf"},
    {file = "ruff-0.8.4-py3-none-manylinux_2_17_x86_64.manylinux2014_x86_64.whl", hash = "sha256:e5fe710ab6061592521f902fca7ebcb9fabd27bc7c57c764298b1c1f15fff720"},
    {file = "ruff-0.8.4-py3-none-musllinux_1_2_aarch64.whl", hash = "sha256:13e9ec6d6b55f6da412d59953d65d66e760d583dd3c1c72bf1f26435b5bfdbae"},
    {file = "ruff-0.8.4-py3-none-musllinux_1_2_armv7l.whl", hash = "sha256:97d9aefef725348ad77d6db98b726cfdb075a40b936c7984088804dfd38268a7"},
    {file = "ruff-0.8.4-py3-none-musllinux_1_2_i686.whl", hash = "sha256:ab78e33325a6f5374e04c2ab924a3367d69a0da36f8c9cb6b894a62017506111"},
    {file = "ruff-0.8.4-py3-none-musllinux_1_2_x86_64.whl", hash = "sha256:8ef06f66f4a05c3ddbc9121a8b0cecccd92c5bf3dd43b5472ffe40b8ca10f0f8"},
    {file = "ruff-0.8.4-py3-none-win32.whl", hash = "sha256:552fb6d861320958ca5e15f28b20a3d071aa83b93caee33a87b471f99a6c0835"},
    {file = "ruff-0.8.4-py3-none-win_amd64.whl", hash = "sha256:f21a1143776f8656d7f364bd264a9d60f01b7f52243fbe90e7670c0dfe0cf65d"},
    {file = "ruff-0.8.4-py3-none-win_arm64.whl", hash = "sha256:9183dd615d8df50defa8b1d9a074053891ba39025cf5ae88e8bcb52edcc4bf08"},
    {file = "ruff-0.8.4.tar.gz", hash = "sha256:0d5f89f254836799af1615798caa5f80b7f935d7a670fad66c5007928e57ace8"},
]

[[package]]
name = "wcwidth"
version = "0.2.13"
description = "Measures the displayed width of unicode strings in a terminal"
optional = false
python-versions = "*"
files = [
    {file = "wcwidth-0.2.13-py2.py3-none-any.whl", hash = "sha256:3da69048e4540d84af32131829ff948f1e022c1c6bdb8d6102117aac784f6859"},
    {file = "wcwidth-0.2.13.tar.gz", hash = "sha256:72ea0c06399eb286d978fdedb6923a9eb47e1c486ce63e9b4e64fc18303972b5"},
]

[metadata]
lock-version = "2.0"
python-versions = "^3.11"
content-hash = "0e2a92199bc34803f76e7c3a73998c9d6ef299f90327370ccbb463c1ab1b8891"
